
Microsoft Visual Studio Solution File, Format Version 12.00
# Visual Studio Version 17
VisualStudioVersion = 17.9.34728.123
MinimumVisualStudioVersion = 10.0.40219.1
Project("{FAE04EC0-301F-11D3-BF4B-00C04F79EFBC}") = "VoicePilot_Web", "VoicePilot_Web\VoicePilot_Web.csproj", "{DBB48E21-F7D8-43EC-B39A-E22BD70E9306}"
EndProject
Global
	GlobalSection(SolutionConfigurationPlatforms) = preSolution
		Debug|Any CPU = Debug|Any CPU
		Release|Any CPU = Release|Any CPU
	EndGlobalSection
	GlobalSection(ProjectConfigurationPlatforms) = postSolution
		{DBB48E21-F7D8-43EC-B39A-E22BD70E9306}.Debug|Any CPU.ActiveCfg = Debug|Any CPU
		{DBB48E21-F7D8-43EC-B39A-E22BD70E9306}.Debug|Any CPU.Build.0 = Debug|Any CPU
		{DBB48E21-F7D8-43EC-B39A-E22BD70E9306}.Release|Any CPU.ActiveCfg = Release|Any CPU
		{DBB48E21-F7D8-43EC-B39A-E22BD70E9306}.Release|Any CPU.Build.0 = Release|Any CPU
	EndGlobalSection
	GlobalSection(SolutionProperties) = preSolution
		HideSolutionNode = FALSE
	EndGlobalSection
	GlobalSection(ExtensibilityGlobals) = postSolution
		SolutionGuid = {E59D8116-F26C-42F9-BC86-9953BB4F713C}
	EndGlobalSection
EndGlobal
